
Microsoft Visual Studio Solution File, Format Version 12.00
Project("{FAE04EC0-301F-11D3-BF4B-00C04F79EFBC}") = "Programacion3.Algoritmos", "Programacion3.Algoritmos\Programacion3.Algoritmos.csproj", "{5545FD50-FFD0-477E-B603-971A65DF9987}"
EndProject
Project("{FAE04EC0-301F-11D3-BF4B-00C04F79EFBC}") = "Programacion3.Tests", "Programacion3.Tests\Programacion3.Tests.csproj", "{8365E58C-C507-4B75-A14A-5FDB5FBE5B78}"
EndProject
Project("{FAE04EC0-301F-11D3-BF4B-00C04F79EFBC}") = "Programacion3.Console", "Programacion3.Console\Programacion3.Console.csproj", "{1706B200-772A-4B1A-84C4-41B7B39CF1BA}"
EndProject
Global
	GlobalSection(SolutionConfigurationPlatforms) = preSolution
		Debug|Any CPU = Debug|Any CPU
		Release|Any CPU = Release|Any CPU
	EndGlobalSection
	GlobalSection(ProjectConfigurationPlatforms) = postSolution
		{5545FD50-FFD0-477E-B603-971A65DF9987}.Debug|Any CPU.ActiveCfg = Debug|Any CPU
		{5545FD50-FFD0-477E-B603-971A65DF9987}.Debug|Any CPU.Build.0 = Debug|Any CPU
		{5545FD50-FFD0-477E-B603-971A65DF9987}.Release|Any CPU.ActiveCfg = Release|Any CPU
		{5545FD50-FFD0-477E-B603-971A65DF9987}.Release|Any CPU.Build.0 = Release|Any CPU
		{8365E58C-C507-4B75-A14A-5FDB5FBE5B78}.Debug|Any CPU.ActiveCfg = Debug|Any CPU
		{8365E58C-C507-4B75-A14A-5FDB5FBE5B78}.Debug|Any CPU.Build.0 = Debug|Any CPU
		{8365E58C-C507-4B75-A14A-5FDB5FBE5B78}.Release|Any CPU.ActiveCfg = Release|Any CPU
		{8365E58C-C507-4B75-A14A-5FDB5FBE5B78}.Release|Any CPU.Build.0 = Release|Any CPU
		{1706B200-772A-4B1A-84C4-41B7B39CF1BA}.Debug|Any CPU.ActiveCfg = Debug|Any CPU
		{1706B200-772A-4B1A-84C4-41B7B39CF1BA}.Debug|Any CPU.Build.0 = Debug|Any CPU
		{1706B200-772A-4B1A-84C4-41B7B39CF1BA}.Release|Any CPU.ActiveCfg = Release|Any CPU
		{1706B200-772A-4B1A-84C4-41B7B39CF1BA}.Release|Any CPU.Build.0 = Release|Any CPU
	EndGlobalSection
EndGlobal
